// !$*UTF8*$!
{
	archiveVersion = 1;
	classes = {
	};
	objectVersion = 51;
	objects = {

/* Begin PBXBuildFile section */
		1A03966625A59ED80046DDDA /* StringifyTextField.framework in Frameworks */ = {isa = PBXBuildFile; fileRef = 1A03966525A59ED80046DDDA /* StringifyTextField.framework */; };
		1A03966725A59ED80046DDDA /* StringifyTextField.framework in Embed Frameworks */ = {isa = PBXBuildFile; fileRef = 1A03966525A59ED80046DDDA /* StringifyTextField.framework */; settings = {ATTRIBUTES = (CodeSignOnCopy, RemoveHeadersOnCopy, ); }; };
		1A03966B25A59F4D0046DDDA /* Localizable.strings in Resources */ = {isa = PBXBuildFile; fileRef = 1A03966D25A59F4D0046DDDA /* Localizable.strings */; };
		1A556D002427C3D800924FAA /* AppDelegate.swift in Sources */ = {isa = PBXBuildFile; fileRef = 1A556CFF2427C3D800924FAA /* AppDelegate.swift */; };
		1A556D042427C3D800924FAA /* ViewController.swift in Sources */ = {isa = PBXBuildFile; fileRef = 1A556D032427C3D800924FAA /* ViewController.swift */; };
		1A556D072427C3D800924FAA /* Main.storyboard in Resources */ = {isa = PBXBuildFile; fileRef = 1A556D052427C3D800924FAA /* Main.storyboard */; };
		1A556D092427C3DA00924FAA /* Assets.xcassets in Resources */ = {isa = PBXBuildFile; fileRef = 1A556D082427C3DA00924FAA /* Assets.xcassets */; };
		1A556D0C2427C3DA00924FAA /* LaunchScreen.storyboard in Resources */ = {isa = PBXBuildFile; fileRef = 1A556D0A2427C3DA00924FAA /* LaunchScreen.storyboard */; };
/* End PBXBuildFile section */

/* Begin PBXCopyFilesBuildPhase section */
		1A03966825A59ED80046DDDA /* Embed Frameworks */ = {
			isa = PBXCopyFilesBuildPhase;
			buildActionMask = 2147483647;
			dstPath = "";
			dstSubfolderSpec = 10;
			files = (
				1A03966725A59ED80046DDDA /* StringifyTextField.framework in Embed Frameworks */,
			);
			name = "Embed Frameworks";
			runOnlyForDeploymentPostprocessing = 0;
		};
/* End PBXCopyFilesBuildPhase section */

/* Begin PBXFileReference section */
		1A03966525A59ED80046DDDA /* StringifyTextField.framework */ = {isa = PBXFileReference; explicitFileType = wrapper.framework; path = StringifyTextField.framework; sourceTree = BUILT_PRODUCTS_DIR; };
		1A03966C25A59F4D0046DDDA /* en */ = {isa = PBXFileReference; lastKnownFileType = text.plist.strings; name = en; path = en.lproj/Localizable.strings; sourceTree = "<group>"; };
		1A03966E25A59F560046DDDA /* ru */ = {isa = PBXFileReference; lastKnownFileType = text.plist.strings; name = ru; path = ru.lproj/Localizable.strings; sourceTree = "<group>"; };
		1A556CFC2427C3D800924FAA /* StringifyExample.app */ = {isa = PBXFileReference; explicitFileType = wrapper.application; includeInIndex = 0; path = StringifyExample.app; sourceTree = BUILT_PRODUCTS_DIR; };
		1A556CFF2427C3D800924FAA /* AppDelegate.swift */ = {isa = PBXFileReference; lastKnownFileType = sourcecode.swift; path = AppDelegate.swift; sourceTree = "<group>"; };
		1A556D032427C3D800924FAA /* ViewController.swift */ = {isa = PBXFileReference; lastKnownFileType = sourcecode.swift; path = ViewController.swift; sourceTree = "<group>"; };
		1A556D062427C3D800924FAA /* Base */ = {isa = PBXFileReference; lastKnownFileType = file.storyboard; name = Base; path = Base.lproj/Main.storyboard; sourceTree = "<group>"; };
		1A556D082427C3DA00924FAA /* Assets.xcassets */ = {isa = PBXFileReference; lastKnownFileType = folder.assetcatalog; path = Assets.xcassets; sourceTree = "<group>"; };
		1A556D0B2427C3DA00924FAA /* Base */ = {isa = PBXFileReference; lastKnownFileType = file.storyboard; name = Base; path = Base.lproj/LaunchScreen.storyboard; sourceTree = "<group>"; };
		1A556D0D2427C3DA00924FAA /* Info.plist */ = {isa = PBXFileReference; lastKnownFileType = text.plist.xml; path = Info.plist; sourceTree = "<group>"; };
		1A556D1524289B5800924FAA /* Stringify.framework */ = {isa = PBXFileReference; explicitFileType = wrapper.framework; path = Stringify.framework; sourceTree = BUILT_PRODUCTS_DIR; };
		1ADA50042600F1D9005DA2E6 /* Stringify.framework */ = {isa = PBXFileReference; explicitFileType = wrapper.framework; path = Stringify.framework; sourceTree = BUILT_PRODUCTS_DIR; };
		1ADEB590251E138B0004B695 /* StringifyTextField.framework */ = {isa = PBXFileReference; explicitFileType = wrapper.framework; path = StringifyTextField.framework; sourceTree = BUILT_PRODUCTS_DIR; };
		1AE16A5F265798BC007812ED /* Pods_StringifyTextField.framework */ = {isa = PBXFileReference; explicitFileType = wrapper.framework; path = Pods_StringifyTextField.framework; sourceTree = BUILT_PRODUCTS_DIR; };
		1AF0B0E624437B7200526EFC /* Stringify.framework */ = {isa = PBXFileReference; explicitFileType = wrapper.framework; path = Stringify.framework; sourceTree = BUILT_PRODUCTS_DIR; };
		1AF0B0E724437B7200526EFC /* StringifyTextField.framework */ = {isa = PBXFileReference; explicitFileType = wrapper.framework; path = StringifyTextField.framework; sourceTree = BUILT_PRODUCTS_DIR; };
		1AF0B0EC24437C8000526EFC /* StringifyTextField.framework */ = {isa = PBXFileReference; explicitFileType = wrapper.framework; path = StringifyTextField.framework; sourceTree = BUILT_PRODUCTS_DIR; };
		1AF0B0EE24437CE400526EFC /* Stringify.framework */ = {isa = PBXFileReference; explicitFileType = wrapper.framework; path = Stringify.framework; sourceTree = BUILT_PRODUCTS_DIR; };
		1AF0B0F224437CF100526EFC /* StringifyTextField.framework */ = {isa = PBXFileReference; explicitFileType = wrapper.framework; path = StringifyTextField.framework; sourceTree = BUILT_PRODUCTS_DIR; };
		1AF91808243F9C5C00C0282C /* StringifyTextField.framework */ = {isa = PBXFileReference; explicitFileType = wrapper.framework; path = StringifyTextField.framework; sourceTree = BUILT_PRODUCTS_DIR; };
		DD10DCDB6CB0DED4B85BBE63 /* Pods_StringifyExample.framework */ = {isa = PBXFileReference; explicitFileType = wrapper.framework; includeInIndex = 0; path = Pods_StringifyExample.framework; sourceTree = BUILT_PRODUCTS_DIR; };
		DF45B7AD547A4C2B780D90B2 /* Pods-StringifyExample.debug.xcconfig */ = {isa = PBXFileReference; includeInIndex = 1; lastKnownFileType = text.xcconfig; name = "Pods-StringifyExample.debug.xcconfig"; path = "Target Support Files/Pods-StringifyExample/Pods-StringifyExample.debug.xcconfig"; sourceTree = "<group>"; };
		F80B5885EF94540C687D8456 /* Pods-StringifyExample.release.xcconfig */ = {isa = PBXFileReference; includeInIndex = 1; lastKnownFileType = text.xcconfig; name = "Pods-StringifyExample.release.xcconfig"; path = "Target Support Files/Pods-StringifyExample/Pods-StringifyExample.release.xcconfig"; sourceTree = "<group>"; };
/* End PBXFileReference section */

/* Begin PBXFrameworksBuildPhase section */
		1A556CF92427C3D800924FAA /* Frameworks */ = {
			isa = PBXFrameworksBuildPhase;
			buildActionMask = 2147483647;
			files = (
				1A03966625A59ED80046DDDA /* StringifyTextField.framework in Frameworks */,
			);
			runOnlyForDeploymentPostprocessing = 0;
		};
/* End PBXFrameworksBuildPhase section */

/* Begin PBXGroup section */
		04A767CF2941BC8F00E01F86 /* Recovered References */ = {
			isa = PBXGroup;
			children = (
				1AE16A5F265798BC007812ED /* Pods_StringifyTextField.framework */,
			);
			name = "Recovered References";
			sourceTree = "<group>";
		};
		1A556CF32427C3D800924FAA = {
			isa = PBXGroup;
			children = (
				1A556CFE2427C3D800924FAA /* StringifyExample */,
				1A556CFD2427C3D800924FAA /* Products */,
				1A556D1424289B5800924FAA /* Frameworks */,
				C9F645EC50D3D8007956574B /* Pods */,
				04A767CF2941BC8F00E01F86 /* Recovered References */,
			);
			sourceTree = "<group>";
		};
		1A556CFD2427C3D800924FAA /* Products */ = {
			isa = PBXGroup;
			children = (
				1A556CFC2427C3D800924FAA /* StringifyExample.app */,
			);
			name = Products;
			sourceTree = "<group>";
		};
		1A556CFE2427C3D800924FAA /* StringifyExample */ = {
			isa = PBXGroup;
			children = (
				1A556CFF2427C3D800924FAA /* AppDelegate.swift */,
				1A556D032427C3D800924FAA /* ViewController.swift */,
				1A556D052427C3D800924FAA /* Main.storyboard */,
				1A556D082427C3DA00924FAA /* Assets.xcassets */,
				1A556D0A2427C3DA00924FAA /* LaunchScreen.storyboard */,
				1A556D0D2427C3DA00924FAA /* Info.plist */,
				1A03966D25A59F4D0046DDDA /* Localizable.strings */,
			);
			path = StringifyExample;
			sourceTree = "<group>";
		};
		1A556D1424289B5800924FAA /* Frameworks */ = {
			isa = PBXGroup;
			children = (
				1ADA50042600F1D9005DA2E6 /* Stringify.framework */,
				1A03966525A59ED80046DDDA /* StringifyTextField.framework */,
				1ADEB590251E138B0004B695 /* StringifyTextField.framework */,
				1AF0B0F224437CF100526EFC /* StringifyTextField.framework */,
				1AF0B0EE24437CE400526EFC /* Stringify.framework */,
				1AF0B0EC24437C8000526EFC /* StringifyTextField.framework */,
				1AF0B0E624437B7200526EFC /* Stringify.framework */,
				1AF0B0E724437B7200526EFC /* StringifyTextField.framework */,
				1AF91808243F9C5C00C0282C /* StringifyTextField.framework */,
				1A556D1524289B5800924FAA /* Stringify.framework */,
				DD10DCDB6CB0DED4B85BBE63 /* Pods_StringifyExample.framework */,
			);
			name = Frameworks;
			sourceTree = "<group>";
		};
		C9F645EC50D3D8007956574B /* Pods */ = {
			isa = PBXGroup;
			children = (
				DF45B7AD547A4C2B780D90B2 /* Pods-StringifyExample.debug.xcconfig */,
				F80B5885EF94540C687D8456 /* Pods-StringifyExample.release.xcconfig */,
			);
			path = Pods;
			sourceTree = "<group>";
		};
/* End PBXGroup section */

/* Begin PBXNativeTarget section */
		1A556CFB2427C3D800924FAA /* StringifyExample */ = {
			isa = PBXNativeTarget;
			buildConfigurationList = 1A556D102427C3DA00924FAA /* Build configuration list for PBXNativeTarget "StringifyExample" */;
			buildPhases = (
				227B2BF7DC92D89523D83F79 /* [CP] Check Pods Manifest.lock */,
				1A556CF82427C3D800924FAA /* Sources */,
				1A556CF92427C3D800924FAA /* Frameworks */,
				1A556CFA2427C3D800924FAA /* Resources */,
				F1E0D046ECCED21163655586 /* [CP] Embed Pods Frameworks */,
				1A03966825A59ED80046DDDA /* Embed Frameworks */,
			);
			buildRules = (
			);
			dependencies = (
			);
			name = StringifyExample;
			productName = StringifyExample;
			productReference = 1A556CFC2427C3D800924FAA /* StringifyExample.app */;
			productType = "com.apple.product-type.application";
		};
/* End PBXNativeTarget section */

/* Begin PBXProject section */
		1A556CF42427C3D800924FAA /* Project object */ = {
			isa = PBXProject;
			attributes = {
				LastSwiftUpdateCheck = 1130;
				LastUpgradeCheck = 1200;
				ORGANIZATIONNAME = "Anton Novichenko";
				TargetAttributes = {
					1A556CFB2427C3D800924FAA = {
						CreatedOnToolsVersion = 11.3.1;
					};
				};
			};
			buildConfigurationList = 1A556CF72427C3D800924FAA /* Build configuration list for PBXProject "StringifyExample" */;
			compatibilityVersion = "Xcode 9.3";
			developmentRegion = en;
			hasScannedForEncodings = 0;
			knownRegions = (
				en,
				Base,
				ru,
			);
			mainGroup = 1A556CF32427C3D800924FAA;
			productRefGroup = 1A556CFD2427C3D800924FAA /* Products */;
			projectDirPath = "";
			projectRoot = "";
			targets = (
				1A556CFB2427C3D800924FAA /* StringifyExample */,
			);
		};
/* End PBXProject section */

/* Begin PBXResourcesBuildPhase section */
		1A556CFA2427C3D800924FAA /* Resources */ = {
			isa = PBXResourcesBuildPhase;
			buildActionMask = 2147483647;
			files = (
				1A556D0C2427C3DA00924FAA /* LaunchScreen.storyboard in Resources */,
				1A03966B25A59F4D0046DDDA /* Localizable.strings in Resources */,
				1A556D092427C3DA00924FAA /* Assets.xcassets in Resources */,
				1A556D072427C3D800924FAA /* Main.storyboard in Resources */,
			);
			runOnlyForDeploymentPostprocessing = 0;
		};
/* End PBXResourcesBuildPhase section */

/* Begin PBXShellScriptBuildPhase section */
		227B2BF7DC92D89523D83F79 /* [CP] Check Pods Manifest.lock */ = {
			isa = PBXShellScriptBuildPhase;
			buildActionMask = 2147483647;
			files = (
			);
			inputFileListPaths = (
			);
			inputPaths = (
				"${PODS_PODFILE_DIR_PATH}/Podfile.lock",
				"${PODS_ROOT}/Manifest.lock",
			);
			name = "[CP] Check Pods Manifest.lock";
			outputFileListPaths = (
			);
			outputPaths = (
				"$(DERIVED_FILE_DIR)/Pods-StringifyExample-checkManifestLockResult.txt",
			);
			runOnlyForDeploymentPostprocessing = 0;
			shellPath = /bin/sh;
			shellScript = "diff \"${PODS_PODFILE_DIR_PATH}/Podfile.lock\" \"${PODS_ROOT}/Manifest.lock\" > /dev/null\nif [ $? != 0 ] ; then\n    # print error to STDERR\n    echo \"error: The sandbox is not in sync with the Podfile.lock. Run 'pod install' or update your CocoaPods installation.\" >&2\n    exit 1\nfi\n# This output is used by Xcode 'outputs' to avoid re-running this script phase.\necho \"SUCCESS\" > \"${SCRIPT_OUTPUT_FILE_0}\"\n";
			showEnvVarsInLog = 0;
		};
		F1E0D046ECCED21163655586 /* [CP] Embed Pods Frameworks */ = {
			isa = PBXShellScriptBuildPhase;
			buildActionMask = 2147483647;
			files = (
			);
			inputFileListPaths = (
				"${PODS_ROOT}/Target Support Files/Pods-StringifyExample/Pods-StringifyExample-frameworks-${CONFIGURATION}-input-files.xcfilelist",
			);
			name = "[CP] Embed Pods Frameworks";
			outputFileListPaths = (
				"${PODS_ROOT}/Target Support Files/Pods-StringifyExample/Pods-StringifyExample-frameworks-${CONFIGURATION}-output-files.xcfilelist",
			);
			runOnlyForDeploymentPostprocessing = 0;
			shellPath = /bin/sh;
			shellScript = "\"${PODS_ROOT}/Target Support Files/Pods-StringifyExample/Pods-StringifyExample-frameworks.sh\"\n";
			showEnvVarsInLog = 0;
		};
/* End PBXShellScriptBuildPhase section */

/* Begin PBXSourcesBuildPhase section */
		1A556CF82427C3D800924FAA /* Sources */ = {
			isa = PBXSourcesBuildPhase;
			buildActionMask = 2147483647;
			files = (
				1A556D042427C3D800924FAA /* ViewController.swift in Sources */,
				1A556D002427C3D800924FAA /* AppDelegate.swift in Sources */,
			);
			runOnlyForDeploymentPostprocessing = 0;
		};
/* End PBXSourcesBuildPhase section */

/* Begin PBXVariantGroup section */
		1A03966D25A59F4D0046DDDA /* Localizable.strings */ = {
			isa = PBXVariantGroup;
			children = (
				1A03966C25A59F4D0046DDDA /* en */,
				1A03966E25A59F560046DDDA /* ru */,
			);
			name = Localizable.strings;
			sourceTree = "<group>";
		};
		1A556D052427C3D800924FAA /* Main.storyboard */ = {
			isa = PBXVariantGroup;
			children = (
				1A556D062427C3D800924FAA /* Base */,
			);
			name = Main.storyboard;
			sourceTree = "<group>";
		};
		1A556D0A2427C3DA00924FAA /* LaunchScreen.storyboard */ = {
			isa = PBXVariantGroup;
			children = (
				1A556D0B2427C3DA00924FAA /* Base */,
			);
			name = LaunchScreen.storyboard;
			sourceTree = "<group>";
		};
/* End PBXVariantGroup section */

/* Begin XCBuildConfiguration section */
		1A556D0E2427C3DA00924FAA /* Debug */ = {
			isa = XCBuildConfiguration;
			buildSettings = {
				ALWAYS_SEARCH_USER_PATHS = NO;
				CLANG_ANALYZER_LOCALIZABILITY_NONLOCALIZED = YES;
				CLANG_ANALYZER_NONNULL = YES;
				CLANG_ANALYZER_NUMBER_OBJECT_CONVERSION = YES_AGGRESSIVE;
				CLANG_CXX_LANGUAGE_STANDARD = "gnu++14";
				CLANG_CXX_LIBRARY = "libc++";
				CLANG_ENABLE_MODULES = YES;
				CLANG_ENABLE_OBJC_ARC = YES;
				CLANG_ENABLE_OBJC_WEAK = YES;
				CLANG_WARN_BLOCK_CAPTURE_AUTORELEASING = YES;
				CLANG_WARN_BOOL_CONVERSION = YES;
				CLANG_WARN_COMMA = YES;
				CLANG_WARN_CONSTANT_CONVERSION = YES;
				CLANG_WARN_DEPRECATED_OBJC_IMPLEMENTATIONS = YES;
				CLANG_WARN_DIRECT_OBJC_ISA_USAGE = YES_ERROR;
				CLANG_WARN_DOCUMENTATION_COMMENTS = YES;
				CLANG_WARN_EMPTY_BODY = YES;
				CLANG_WARN_ENUM_CONVERSION = YES;
				CLANG_WARN_INFINITE_RECURSION = YES;
				CLANG_WARN_INT_CONVERSION = YES;
				CLANG_WARN_NON_LITERAL_NULL_CONVERSION = YES;
				CLANG_WARN_OBJC_IMPLICIT_RETAIN_SELF = YES;
				CLANG_WARN_OBJC_LITERAL_CONVERSION = YES;
				CLANG_WARN_OBJC_ROOT_CLASS = YES_ERROR;
				CLANG_WARN_QUOTED_INCLUDE_IN_FRAMEWORK_HEADER = YES;
				CLANG_WARN_RANGE_LOOP_ANALYSIS = YES;
				CLANG_WARN_STRICT_PROTOTYPES = YES;
				CLANG_WARN_SUSPICIOUS_MOVE = YES;
				CLANG_WARN_UNGUARDED_AVAILABILITY = YES_AGGRESSIVE;
				CLANG_WARN_UNREACHABLE_CODE = YES;
				CLANG_WARN__DUPLICATE_METHOD_MATCH = YES;
				COPY_PHASE_STRIP = NO;
				DEBUG_INFORMATION_FORMAT = dwarf;
				ENABLE_STRICT_OBJC_MSGSEND = YES;
				ENABLE_TESTABILITY = YES;
				GCC_C_LANGUAGE_STANDARD = gnu11;
				GCC_DYNAMIC_NO_PIC = NO;
				GCC_NO_COMMON_BLOCKS = YES;
				GCC_OPTIMIZATION_LEVEL = 0;
				GCC_PREPROCESSOR_DEFINITIONS = (
					"DEBUG=1",
					"$(inherited)",
				);
				GCC_WARN_64_TO_32_BIT_CONVERSION = YES;
				GCC_WARN_ABOUT_RETURN_TYPE = YES_ERROR;
				GCC_WARN_UNDECLARED_SELECTOR = YES;
				GCC_WARN_UNINITIALIZED_AUTOS = YES_AGGRESSIVE;
				GCC_WARN_UNUSED_FUNCTION = YES;
				GCC_WARN_UNUSED_VARIABLE = YES;
				IPHONEOS_DEPLOYMENT_TARGET = 15.5;
				MTL_ENABLE_DEBUG_INFO = INCLUDE_SOURCE;
				MTL_FAST_MATH = YES;
				ONLY_ACTIVE_ARCH = YES;
				SDKROOT = iphoneos;
				SWIFT_ACTIVE_COMPILATION_CONDITIONS = DEBUG;
				SWIFT_OPTIMIZATION_LEVEL = "-Onone";
			};
			name = Debug;
		};
		1A556D0F2427C3DA00924FAA /* Release */ = {
			isa = XCBuildConfiguration;
			buildSettings = {
				ALWAYS_SEARCH_USER_PATHS = NO;
				CLANG_ANALYZER_LOCALIZABILITY_NONLOCALIZED = YES;
				CLANG_ANALYZER_NONNULL = YES;
				CLANG_ANALYZER_NUMBER_OBJECT_CONVERSION = YES_AGGRESSIVE;
				CLANG_CXX_LANGUAGE_STANDARD = "gnu++14";
				CLANG_CXX_LIBRARY = "libc++";
				CLANG_ENABLE_MODULES = YES;
				CLANG_ENABLE_OBJC_ARC = YES;
				CLANG_ENABLE_OBJC_WEAK = YES;
				CLANG_WARN_BLOCK_CAPTURE_AUTORELEASING = YES;
				CLANG_WARN_BOOL_CONVERSION = YES;
				CLANG_WARN_COMMA = YES;
				CLANG_WARN_CONSTANT_CONVERSION = YES;
				CLANG_WARN_DEPRECATED_OBJC_IMPLEMENTATIONS = YES;
				CLANG_WARN_DIRECT_OBJC_ISA_USAGE = YES_ERROR;
				CLANG_WARN_DOCUMENTATION_COMMENTS = YES;
				CLANG_WARN_EMPTY_BODY = YES;
				CLANG_WARN_ENUM_CONVERSION = YES;
				CLANG_WARN_INFINITE_RECURSION = YES;
				CLANG_WARN_INT_CONVERSION = YES;
				CLANG_WARN_NON_LITERAL_NULL_CONVERSION = YES;
				CLANG_WARN_OBJC_IMPLICIT_RETAIN_SELF = YES;
				CLANG_WARN_OBJC_LITERAL_CONVERSION = YES;
				CLANG_WARN_OBJC_ROOT_CLASS = YES_ERROR;
				CLANG_WARN_QUOTED_INCLUDE_IN_FRAMEWORK_HEADER = YES;
				CLANG_WARN_RANGE_LOOP_ANALYSIS = YES;
				CLANG_WARN_STRICT_PROTOTYPES = YES;
				CLANG_WARN_SUSPICIOUS_MOVE = YES;
				CLANG_WARN_UNGUARDED_AVAILABILITY = YES_AGGRESSIVE;
				CLANG_WARN_UNREACHABLE_CODE = YES;
				CLANG_WARN__DUPLICATE_METHOD_MATCH = YES;
				COPY_PHASE_STRIP = NO;
				DEBUG_INFORMATION_FORMAT = "dwarf-with-dsym";
				ENABLE_NS_ASSERTIONS = NO;
				ENABLE_STRICT_OBJC_MSGSEND = YES;
				GCC_C_LANGUAGE_STANDARD = gnu11;
				GCC_NO_COMMON_BLOCKS = YES;
				GCC_WARN_64_TO_32_BIT_CONVERSION = YES;
				GCC_WARN_ABOUT_RETURN_TYPE = YES_ERROR;
				GCC_WARN_UNDECLARED_SELECTOR = YES;
				GCC_WARN_UNINITIALIZED_AUTOS = YES_AGGRESSIVE;
				GCC_WARN_UNUSED_FUNCTION = YES;
				GCC_WARN_UNUSED_VARIABLE = YES;
				IPHONEOS_DEPLOYMENT_TARGET = 15.5;
				MTL_ENABLE_DEBUG_INFO = NO;
				MTL_FAST_MATH = YES;
				SDKROOT = iphoneos;
				SWIFT_COMPILATION_MODE = wholemodule;
				SWIFT_OPTIMIZATION_LEVEL = "-O";
				VALIDATE_PRODUCT = YES;
			};
			name = Release;
		};
		1A556D112427C3DA00924FAA /* Debug */ = {
			isa = XCBuildConfiguration;
			baseConfigurationReference = DF45B7AD547A4C2B780D90B2 /* Pods-StringifyExample.debug.xcconfig */;
			buildSettings = {
				ASSETCATALOG_COMPILER_APPICON_NAME = AppIcon;
				CODE_SIGN_STYLE = Automatic;
				DEVELOPMENT_TEAM = 3T5KF4YGPF;
				INFOPLIST_FILE = StringifyExample/Info.plist;
				IPHONEOS_DEPLOYMENT_TARGET = 11.0;
				LD_RUNPATH_SEARCH_PATHS = (
					"$(inherited)",
					"@executable_path/Frameworks",
				);
				PRODUCT_BUNDLE_IDENTIFIER = by.stringify.StringifyExample;
				PRODUCT_NAME = "$(TARGET_NAME)";
				SWIFT_VERSION = 5.0;
				TARGETED_DEVICE_FAMILY = "1,2";
			};
			name = Debug;
		};
		1A556D122427C3DA00924FAA /* Release */ = {
			isa = XCBuildConfiguration;
			baseConfigurationReference = F80B5885EF94540C687D8456 /* Pods-StringifyExample.release.xcconfig */;
			buildSettings = {
				ASSETCATALOG_COMPILER_APPICON_NAME = AppIcon;
				CODE_SIGN_STYLE = Automatic;
				DEVELOPMENT_TEAM = 3T5KF4YGPF;
				INFOPLIST_FILE = StringifyExample/Info.plist;
				IPHONEOS_DEPLOYMENT_TARGET = 11.0;
				LD_RUNPATH_SEARCH_PATHS = (
					"$(inherited)",
					"@executable_path/Frameworks",
				);
				PRODUCT_BUNDLE_IDENTIFIER = by.stringify.StringifyExample;
				PRODUCT_NAME = "$(TARGET_NAME)";
				SWIFT_VERSION = 5.0;
				TARGETED_DEVICE_FAMILY = "1,2";
			};
			name = Release;
		};
/* End XCBuildConfiguration section */

/* Begin XCConfigurationList section */
		1A556CF72427C3D800924FAA /* Build configuration list for PBXProject "StringifyExample" */ = {
			isa = XCConfigurationList;
			buildConfigurations = (
				1A556D0E2427C3DA00924FAA /* Debug */,
				1A556D0F2427C3DA00924FAA /* Release */,
			);
			defaultConfigurationIsVisible = 0;
			defaultConfigurationName = Release;
		};
		1A556D102427C3DA00924FAA /* Build configuration list for PBXNativeTarget "StringifyExample" */ = {
			isa = XCConfigurationList;
			buildConfigurations = (
				1A556D112427C3DA00924FAA /* Debug */,
				1A556D122427C3DA00924FAA /* Release */,
			);
			defaultConfigurationIsVisible = 0;
			defaultConfigurationName = Release;
		};
/* End XCConfigurationList section */
	};
	rootObject = 1A556CF42427C3D800924FAA /* Project object */;
}
